
Microsoft Visual Studio Solution File, Format Version 12.00
# Visual Studio 15
VisualStudioVersion = 15.0.27130.2024
MinimumVisualStudioVersion = 10.0.40219.1
Project("{FAE04EC0-301F-11D3-BF4B-00C04F79EFBC}") = "ProcessMultipleExceptions", "ProcessMultipleExceptions\ProcessMultipleExceptions.csproj", "{7B8CE691-E0D0-4E7E-8E0B-135C17AA2123}"
EndProject
Global
	GlobalSection(SolutionConfigurationPlatforms) = preSolution
		Debug|Any CPU = Debug|Any CPU
		Release|Any CPU = Release|Any CPU
	EndGlobalSection
	GlobalSection(ProjectConfigurationPlatforms) = postSolution
		{7B8CE691-E0D0-4E7E-8E0B-135C17AA2123}.Debug|Any CPU.ActiveCfg = Debug|Any CPU
		{7B8CE691-E0D0-4E7E-8E0B-135C17AA2123}.Debug|Any CPU.Build.0 = Debug|Any CPU
		{7B8CE691-E0D0-4E7E-8E0B-135C17AA2123}.Release|Any CPU.ActiveCfg = Release|Any CPU
		{7B8CE691-E0D0-4E7E-8E0B-135C17AA2123}.Release|Any CPU.Build.0 = Release|Any CPU
	EndGlobalSection
	GlobalSection(SolutionProperties) = preSolution
		HideSolutionNode = FALSE
	EndGlobalSection
	GlobalSection(ExtensibilityGlobals) = postSolution
		SolutionGuid = {7BD08934-CA4B-4197-93DC-D60494A90379}
	EndGlobalSection
EndGlobal
