
Microsoft Visual Studio Solution File, Format Version 12.00
# Visual Studio 15
VisualStudioVersion = 15.0.27130.2010
MinimumVisualStudioVersion = 10.0.40219.1
Project("{FAE04EC0-301F-11D3-BF4B-00C04F79EFBC}") = "SimpleUtilityClass", "SimpleUtilityClass\SimpleUtilityClass.csproj", "{B09F7766-B869-40C1-9AAB-E467F03353D7}"
EndProject
Global
	GlobalSection(SolutionConfigurationPlatforms) = preSolution
		Debug|Any CPU = Debug|Any CPU
		Release|Any CPU = Release|Any CPU
	EndGlobalSection
	GlobalSection(ProjectConfigurationPlatforms) = postSolution
		{B09F7766-B869-40C1-9AAB-E467F03353D7}.Debug|Any CPU.ActiveCfg = Debug|Any CPU
		{B09F7766-B869-40C1-9AAB-E467F03353D7}.Debug|Any CPU.Build.0 = Debug|Any CPU
		{B09F7766-B869-40C1-9AAB-E467F03353D7}.Release|Any CPU.ActiveCfg = Release|Any CPU
		{B09F7766-B869-40C1-9AAB-E467F03353D7}.Release|Any CPU.Build.0 = Release|Any CPU
	EndGlobalSection
	GlobalSection(SolutionProperties) = preSolution
		HideSolutionNode = FALSE
	EndGlobalSection
	GlobalSection(ExtensibilityGlobals) = postSolution
		SolutionGuid = {1BD36BCE-7C27-4ACA-B06E-4E12A6B5AC86}
	EndGlobalSection
EndGlobal
