
Microsoft Visual Studio Solution File, Format Version 12.00
# Visual Studio 15
VisualStudioVersion = 15.0.27130.2024
MinimumVisualStudioVersion = 10.0.40219.1
Project("{FAE04EC0-301F-11D3-BF4B-00C04F79EFBC}") = "InterfaceNameClash", "InterfaceNameClash\InterfaceNameClash.csproj", "{3323D598-1BAA-4A6B-A765-D13E1C7F313E}"
EndProject
Global
	GlobalSection(SolutionConfigurationPlatforms) = preSolution
		Debug|Any CPU = Debug|Any CPU
		Release|Any CPU = Release|Any CPU
	EndGlobalSection
	GlobalSection(ProjectConfigurationPlatforms) = postSolution
		{3323D598-1BAA-4A6B-A765-D13E1C7F313E}.Debug|Any CPU.ActiveCfg = Debug|Any CPU
		{3323D598-1BAA-4A6B-A765-D13E1C7F313E}.Debug|Any CPU.Build.0 = Debug|Any CPU
		{3323D598-1BAA-4A6B-A765-D13E1C7F313E}.Release|Any CPU.ActiveCfg = Release|Any CPU
		{3323D598-1BAA-4A6B-A765-D13E1C7F313E}.Release|Any CPU.Build.0 = Release|Any CPU
	EndGlobalSection
	GlobalSection(SolutionProperties) = preSolution
		HideSolutionNode = FALSE
	EndGlobalSection
	GlobalSection(ExtensibilityGlobals) = postSolution
		SolutionGuid = {FF50F278-2A93-495C-80D3-1AE6E217841C}
	EndGlobalSection
EndGlobal
