
Microsoft Visual Studio Solution File, Format Version 12.00
# Visual Studio 15
VisualStudioVersion = 15.0.27130.2010
MinimumVisualStudioVersion = 10.0.40219.1
Project("{FAE04EC0-301F-11D3-BF4B-00C04F79EFBC}") = "SnakeGame", "SnakeGame\SnakeGame.csproj", "{2D97E40D-692D-419C-AD29-13D10E71DF23}"
EndProject
Global
	GlobalSection(SolutionConfigurationPlatforms) = preSolution
		Debug|Any CPU = Debug|Any CPU
		Release|Any CPU = Release|Any CPU
	EndGlobalSection
	GlobalSection(ProjectConfigurationPlatforms) = postSolution
		{2D97E40D-692D-419C-AD29-13D10E71DF23}.Debug|Any CPU.ActiveCfg = Debug|Any CPU
		{2D97E40D-692D-419C-AD29-13D10E71DF23}.Debug|Any CPU.Build.0 = Debug|Any CPU
		{2D97E40D-692D-419C-AD29-13D10E71DF23}.Release|Any CPU.ActiveCfg = Release|Any CPU
		{2D97E40D-692D-419C-AD29-13D10E71DF23}.Release|Any CPU.Build.0 = Release|Any CPU
	EndGlobalSection
	GlobalSection(SolutionProperties) = preSolution
		HideSolutionNode = FALSE
	EndGlobalSection
	GlobalSection(ExtensibilityGlobals) = postSolution
		SolutionGuid = {73B9BD7F-A38E-4913-B7BF-E3DE74CB6F9A}
	EndGlobalSection
EndGlobal
